
Microsoft Visual Studio Solution File, Format Version 12.00
# Visual Studio Version 17
VisualStudioVersion = 17.3.32825.248
MinimumVisualStudioVersion = 10.0.40219.1
Project("{2150E333-8FDC-42A3-9474-1A3956D46DE8}") = "Lib", "Lib", "{84FE3D50-6483-4B4A-83D6-509A93B6D6A7}"
EndProject
Project("{9A19103F-16F7-4668-BE54-9A1E7A4F7556}") = "Lib", "Lib\Lib.csproj", "{0EE8B426-F17A-47C4-B0B9-BC61F43B869E}"
EndProject
Project("{2150E333-8FDC-42A3-9474-1A3956D46DE8}") = "API", "API", "{7D5E0839-5F6A-4760-9D6F-6BB244C37DCB}"
EndProject
Project("{9A19103F-16F7-4668-BE54-9A1E7A4F7556}") = "API", "API\API.csproj", "{6CED5818-A7F0-4C5B-B96F-59ED110BC376}"
EndProject
Project("{2150E333-8FDC-42A3-9474-1A3956D46DE8}") = "Rent", "Rent", "{6F9ECD8E-24C3-4E82-BF5D-3F51EF5C3105}"
EndProject
Project("{2150E333-8FDC-42A3-9474-1A3956D46DE8}") = "Store", "Store", "{C7A26B10-2C77-460A-9DE6-0ECE0B0FEC0E}"
EndProject
Project("{9A19103F-16F7-4668-BE54-9A1E7A4F7556}") = "Rent", "Rent\Rent.csproj", "{86B113E9-747A-45AF-B999-10D3D85F8E6E}"
EndProject
Project("{9A19103F-16F7-4668-BE54-9A1E7A4F7556}") = "Store", "Store\Store.csproj", "{B12EB458-C159-40B0-82E8-1F0992B54475}"
EndProject
Global
	GlobalSection(SolutionConfigurationPlatforms) = preSolution
		Debug|Any CPU = Debug|Any CPU
		Release|Any CPU = Release|Any CPU
	EndGlobalSection
	GlobalSection(ProjectConfigurationPlatforms) = postSolution
		{0EE8B426-F17A-47C4-B0B9-BC61F43B869E}.Debug|Any CPU.ActiveCfg = Debug|Any CPU
		{0EE8B426-F17A-47C4-B0B9-BC61F43B869E}.Debug|Any CPU.Build.0 = Debug|Any CPU
		{0EE8B426-F17A-47C4-B0B9-BC61F43B869E}.Release|Any CPU.ActiveCfg = Release|Any CPU
		{0EE8B426-F17A-47C4-B0B9-BC61F43B869E}.Release|Any CPU.Build.0 = Release|Any CPU
		{6CED5818-A7F0-4C5B-B96F-59ED110BC376}.Debug|Any CPU.ActiveCfg = Debug|Any CPU
		{6CED5818-A7F0-4C5B-B96F-59ED110BC376}.Debug|Any CPU.Build.0 = Debug|Any CPU
		{6CED5818-A7F0-4C5B-B96F-59ED110BC376}.Release|Any CPU.ActiveCfg = Release|Any CPU
		{6CED5818-A7F0-4C5B-B96F-59ED110BC376}.Release|Any CPU.Build.0 = Release|Any CPU
		{86B113E9-747A-45AF-B999-10D3D85F8E6E}.Debug|Any CPU.ActiveCfg = Debug|Any CPU
		{86B113E9-747A-45AF-B999-10D3D85F8E6E}.Debug|Any CPU.Build.0 = Debug|Any CPU
		{86B113E9-747A-45AF-B999-10D3D85F8E6E}.Release|Any CPU.ActiveCfg = Release|Any CPU
		{86B113E9-747A-45AF-B999-10D3D85F8E6E}.Release|Any CPU.Build.0 = Release|Any CPU
		{B12EB458-C159-40B0-82E8-1F0992B54475}.Debug|Any CPU.ActiveCfg = Debug|Any CPU
		{B12EB458-C159-40B0-82E8-1F0992B54475}.Debug|Any CPU.Build.0 = Debug|Any CPU
		{B12EB458-C159-40B0-82E8-1F0992B54475}.Release|Any CPU.ActiveCfg = Release|Any CPU
		{B12EB458-C159-40B0-82E8-1F0992B54475}.Release|Any CPU.Build.0 = Release|Any CPU
	EndGlobalSection
	GlobalSection(SolutionProperties) = preSolution
		HideSolutionNode = FALSE
	EndGlobalSection
	GlobalSection(NestedProjects) = preSolution
		{0EE8B426-F17A-47C4-B0B9-BC61F43B869E} = {84FE3D50-6483-4B4A-83D6-509A93B6D6A7}
		{6CED5818-A7F0-4C5B-B96F-59ED110BC376} = {7D5E0839-5F6A-4760-9D6F-6BB244C37DCB}
		{86B113E9-747A-45AF-B999-10D3D85F8E6E} = {6F9ECD8E-24C3-4E82-BF5D-3F51EF5C3105}
		{B12EB458-C159-40B0-82E8-1F0992B54475} = {C7A26B10-2C77-460A-9DE6-0ECE0B0FEC0E}
	EndGlobalSection
	GlobalSection(ExtensibilityGlobals) = postSolution
		SolutionGuid = {D4D01B37-005F-4D29-A478-AD296FAF4B75}
	EndGlobalSection
EndGlobal
